# THIS IS AN AUTOGENERATED FILE. DO NOT EDIT THIS FILE DIRECTLY.
# yarn lockfile v1


"@fern-typescript/service-utils@0.0.68":
  version "0.0.68"
  resolved "https://registry.yarnpkg.com/@fern-typescript/service-utils/-/service-utils-0.0.68.tgz#3917977661fc5ed97c4b86e9a5f3df81d8683af0"
  integrity sha512-oqzKsY9Xk8SN1ZmxcLdwqTHQ+aB5a8hQ8+kvwVx82VONOj2ei8WNZa5vB3i3R/JKJiUwGDe3CDLjdDIB4GHeeQ==

typescript@^4.6.4:
  version "4.7.3"
  resolved "https://registry.yarnpkg.com/typescript/-/typescript-4.7.3.tgz#8364b502d5257b540f9de4c40be84c98e23a129d"
  integrity sha512-WOkT3XYvrpXx4vMMqlD+8R8R37fZkjyLGlxavMc4iB8lrl8L0DeTcHbYgw/v0N/z9wAFsgBhcsF0ruoySS22mA==
